// !$*UTF8*$!
{
	archiveVersion = 1;
	classes = {
	};
	objectVersion = 56;
	objects = {

/* Begin PBXBuildFile section */
		63495C122C47E00300646941 /* AppDelegate.swift in Sources */ = {isa = PBXBuildFile; fileRef = 63495C112C47E00300646941 /* AppDelegate.swift */; };
		63495C142C47E00300646941 /* SceneDelegate.swift in Sources */ = {isa = PBXBuildFile; fileRef = 63495C132C47E00300646941 /* SceneDelegate.swift */; };
		63495C162C47E00300646941 /* GeneralViewController.swift in Sources */ = {isa = PBXBuildFile; fileRef = 63495C152C47E00300646941 /* GeneralViewController.swift */; };
		63495C192C47E00300646941 /* Base in Resources */ = {isa = PBXBuildFile; fileRef = 63495C182C47E00300646941 /* Base */; };
		63495C1B2C47E00400646941 /* Assets.xcassets in Resources */ = {isa = PBXBuildFile; fileRef = 63495C1A2C47E00400646941 /* Assets.xcassets */; };
		63495C1E2C47E00400646941 /* Base in Resources */ = {isa = PBXBuildFile; fileRef = 63495C1D2C47E00400646941 /* Base */; };
		63495C262C47E12300646941 /* Podfile in Resources */ = {isa = PBXBuildFile; fileRef = 63495C252C47E12300646941 /* Podfile */; };
		63495C322C47F39D00646941 /* FavoriteViewController.swift in Sources */ = {isa = PBXBuildFile; fileRef = 63495C312C47F39D00646941 /* FavoriteViewController.swift */; };
		63495C3D2C47F4FF00646941 /* SearchViewController.swift in Sources */ = {isa = PBXBuildFile; fileRef = 63495C3C2C47F4FF00646941 /* SearchViewController.swift */; };
		63495C422C47F54000646941 /* LoginViewController.swift in Sources */ = {isa = PBXBuildFile; fileRef = 63495C412C47F54000646941 /* LoginViewController.swift */; };
		63495C482C47F57400646941 /* MovieViewController.swift in Sources */ = {isa = PBXBuildFile; fileRef = 63495C472C47F57400646941 /* MovieViewController.swift */; };
		63495C4A2C47F62900646941 /* MovieViewControllerViewModel.swift in Sources */ = {isa = PBXBuildFile; fileRef = 63495C492C47F62900646941 /* MovieViewControllerViewModel.swift */; };
		63495C4C2C47F64E00646941 /* LoginViewControllerViewModel.swift in Sources */ = {isa = PBXBuildFile; fileRef = 63495C4B2C47F64E00646941 /* LoginViewControllerViewModel.swift */; };
		63495C4F2C47F68200646941 /* FavoriteViewControllerViewModel.swift in Sources */ = {isa = PBXBuildFile; fileRef = 63495C4E2C47F68200646941 /* FavoriteViewControllerViewModel.swift */; };
		63495C512C47F69B00646941 /* SearchViewControllerViewModel.swift in Sources */ = {isa = PBXBuildFile; fileRef = 63495C502C47F69B00646941 /* SearchViewControllerViewModel.swift */; };
		63495C532C47F6BA00646941 /* GeneralViewControllerViewModel.swift in Sources */ = {isa = PBXBuildFile; fileRef = 63495C522C47F6BA00646941 /* GeneralViewControllerViewModel.swift */; };
		63495C562C49172600646941 /* RequestHelper.swift in Sources */ = {isa = PBXBuildFile; fileRef = 63495C552C49172600646941 /* RequestHelper.swift */; };
		63495C582C4917C800646941 /* EndpointParams.swift in Sources */ = {isa = PBXBuildFile; fileRef = 63495C572C4917C800646941 /* EndpointParams.swift */; };
		63495C5A2C49196F00646941 /* ResultUserDataStruct.swift in Sources */ = {isa = PBXBuildFile; fileRef = 63495C592C49196F00646941 /* ResultUserDataStruct.swift */; };
		63495C5C2C4919A300646941 /* UserDataStruct.swift in Sources */ = {isa = PBXBuildFile; fileRef = 63495C5B2C4919A300646941 /* UserDataStruct.swift */; };
		63495C642C4919B900646941 /* User.swift in Sources */ = {isa = PBXBuildFile; fileRef = 63495C632C4919B900646941 /* User.swift */; };
		63495C682C491B3200646941 /* RequestTokenStruct.swift in Sources */ = {isa = PBXBuildFile; fileRef = 63495C672C491B3200646941 /* RequestTokenStruct.swift */; };
		63495C6B2C491B5000646941 /* SessionIdStruct.swift in Sources */ = {isa = PBXBuildFile; fileRef = 63495C6A2C491B5000646941 /* SessionIdStruct.swift */; };
		63495C6F2C491F3B00646941 /* NetworkHelper.swift in Sources */ = {isa = PBXBuildFile; fileRef = 63495C6E2C491F3B00646941 /* NetworkHelper.swift */; };
		C9A068BEFBF5BA94773B6DA4 /* Pods_TheMovieApp.framework in Frameworks */ = {isa = PBXBuildFile; fileRef = 39D8369260290DF95763A181 /* Pods_TheMovieApp.framework */; };
/* End PBXBuildFile section */

/* Begin PBXFileReference section */
		39D8369260290DF95763A181 /* Pods_TheMovieApp.framework */ = {isa = PBXFileReference; explicitFileType = wrapper.framework; includeInIndex = 0; path = Pods_TheMovieApp.framework; sourceTree = BUILT_PRODUCTS_DIR; };
		63495C0E2C47E00300646941 /* TheMovieApp.app */ = {isa = PBXFileReference; explicitFileType = wrapper.application; includeInIndex = 0; path = TheMovieApp.app; sourceTree = BUILT_PRODUCTS_DIR; };
		63495C112C47E00300646941 /* AppDelegate.swift */ = {isa = PBXFileReference; lastKnownFileType = sourcecode.swift; path = AppDelegate.swift; sourceTree = "<group>"; };
		63495C132C47E00300646941 /* SceneDelegate.swift */ = {isa = PBXFileReference; lastKnownFileType = sourcecode.swift; path = SceneDelegate.swift; sourceTree = "<group>"; };
		63495C152C47E00300646941 /* GeneralViewController.swift */ = {isa = PBXFileReference; lastKnownFileType = sourcecode.swift; path = GeneralViewController.swift; sourceTree = "<group>"; };
		63495C182C47E00300646941 /* Base */ = {isa = PBXFileReference; lastKnownFileType = file.storyboard; name = Base; path = Base.lproj/Main.storyboard; sourceTree = "<group>"; };
		63495C1A2C47E00400646941 /* Assets.xcassets */ = {isa = PBXFileReference; lastKnownFileType = folder.assetcatalog; path = Assets.xcassets; sourceTree = "<group>"; };
		63495C1D2C47E00400646941 /* Base */ = {isa = PBXFileReference; lastKnownFileType = file.storyboard; name = Base; path = Base.lproj/LaunchScreen.storyboard; sourceTree = "<group>"; };
		63495C1F2C47E00400646941 /* Info.plist */ = {isa = PBXFileReference; lastKnownFileType = text.plist.xml; path = Info.plist; sourceTree = "<group>"; };
		63495C252C47E12300646941 /* Podfile */ = {isa = PBXFileReference; fileEncoding = 4; lastKnownFileType = text; path = Podfile; sourceTree = "<group>"; };
		63495C312C47F39D00646941 /* FavoriteViewController.swift */ = {isa = PBXFileReference; lastKnownFileType = sourcecode.swift; path = FavoriteViewController.swift; sourceTree = "<group>"; };
		63495C3C2C47F4FF00646941 /* SearchViewController.swift */ = {isa = PBXFileReference; lastKnownFileType = sourcecode.swift; path = SearchViewController.swift; sourceTree = "<group>"; };
		63495C412C47F54000646941 /* LoginViewController.swift */ = {isa = PBXFileReference; lastKnownFileType = sourcecode.swift; path = LoginViewController.swift; sourceTree = "<group>"; };
		63495C472C47F57400646941 /* MovieViewController.swift */ = {isa = PBXFileReference; lastKnownFileType = sourcecode.swift; path = MovieViewController.swift; sourceTree = "<group>"; };
		63495C492C47F62900646941 /* MovieViewControllerViewModel.swift */ = {isa = PBXFileReference; lastKnownFileType = sourcecode.swift; path = MovieViewControllerViewModel.swift; sourceTree = "<group>"; };
		63495C4B2C47F64E00646941 /* LoginViewControllerViewModel.swift */ = {isa = PBXFileReference; lastKnownFileType = sourcecode.swift; path = LoginViewControllerViewModel.swift; sourceTree = "<group>"; };
		63495C4E2C47F68200646941 /* FavoriteViewControllerViewModel.swift */ = {isa = PBXFileReference; lastKnownFileType = sourcecode.swift; path = FavoriteViewControllerViewModel.swift; sourceTree = "<group>"; };
		63495C502C47F69B00646941 /* SearchViewControllerViewModel.swift */ = {isa = PBXFileReference; lastKnownFileType = sourcecode.swift; path = SearchViewControllerViewModel.swift; sourceTree = "<group>"; };
		63495C522C47F6BA00646941 /* GeneralViewControllerViewModel.swift */ = {isa = PBXFileReference; lastKnownFileType = sourcecode.swift; path = GeneralViewControllerViewModel.swift; sourceTree = "<group>"; };
		63495C552C49172600646941 /* RequestHelper.swift */ = {isa = PBXFileReference; lastKnownFileType = sourcecode.swift; path = RequestHelper.swift; sourceTree = "<group>"; };
		63495C572C4917C800646941 /* EndpointParams.swift */ = {isa = PBXFileReference; lastKnownFileType = sourcecode.swift; path = EndpointParams.swift; sourceTree = "<group>"; };
		63495C592C49196F00646941 /* ResultUserDataStruct.swift */ = {isa = PBXFileReference; lastKnownFileType = sourcecode.swift; path = ResultUserDataStruct.swift; sourceTree = "<group>"; };
		63495C5B2C4919A300646941 /* UserDataStruct.swift */ = {isa = PBXFileReference; fileEncoding = 4; lastKnownFileType = sourcecode.swift; path = UserDataStruct.swift; sourceTree = "<group>"; };
		63495C632C4919B900646941 /* User.swift */ = {isa = PBXFileReference; fileEncoding = 4; lastKnownFileType = sourcecode.swift; path = User.swift; sourceTree = "<group>"; };
		63495C672C491B3200646941 /* RequestTokenStruct.swift */ = {isa = PBXFileReference; fileEncoding = 4; lastKnownFileType = sourcecode.swift; path = RequestTokenStruct.swift; sourceTree = "<group>"; };
		63495C6A2C491B5000646941 /* SessionIdStruct.swift */ = {isa = PBXFileReference; fileEncoding = 4; lastKnownFileType = sourcecode.swift; path = SessionIdStruct.swift; sourceTree = "<group>"; };
		63495C6E2C491F3B00646941 /* NetworkHelper.swift */ = {isa = PBXFileReference; lastKnownFileType = sourcecode.swift; path = NetworkHelper.swift; sourceTree = "<group>"; };
		9FD271770BC23CCC79FF55C0 /* Pods-TheMovieApp.release.xcconfig */ = {isa = PBXFileReference; includeInIndex = 1; lastKnownFileType = text.xcconfig; name = "Pods-TheMovieApp.release.xcconfig"; path = "Target Support Files/Pods-TheMovieApp/Pods-TheMovieApp.release.xcconfig"; sourceTree = "<group>"; };
		D5AF377A000B3C1674ED8DFF /* Pods-TheMovieApp.debug.xcconfig */ = {isa = PBXFileReference; includeInIndex = 1; lastKnownFileType = text.xcconfig; name = "Pods-TheMovieApp.debug.xcconfig"; path = "Target Support Files/Pods-TheMovieApp/Pods-TheMovieApp.debug.xcconfig"; sourceTree = "<group>"; };
/* End PBXFileReference section */

/* Begin PBXFrameworksBuildPhase section */
		63495C0B2C47E00300646941 /* Frameworks */ = {
			isa = PBXFrameworksBuildPhase;
			buildActionMask = 2147483647;
			files = (
				C9A068BEFBF5BA94773B6DA4 /* Pods_TheMovieApp.framework in Frameworks */,
			);
			runOnlyForDeploymentPostprocessing = 0;
		};
/* End PBXFrameworksBuildPhase section */

/* Begin PBXGroup section */
		28C0C5E63E5B2805376FA8CB /* Frameworks */ = {
			isa = PBXGroup;
			children = (
				39D8369260290DF95763A181 /* Pods_TheMovieApp.framework */,
			);
			name = Frameworks;
			sourceTree = "<group>";
		};
		63495C052C47E00300646941 = {
			isa = PBXGroup;
			children = (
				63495C252C47E12300646941 /* Podfile */,
				63495C102C47E00300646941 /* TheMovieApp */,
				63495C0F2C47E00300646941 /* Products */,
				684583A82344BFEB2AFD0D0A /* Pods */,
				28C0C5E63E5B2805376FA8CB /* Frameworks */,
			);
			sourceTree = "<group>";
		};
		63495C0F2C47E00300646941 /* Products */ = {
			isa = PBXGroup;
			children = (
				63495C0E2C47E00300646941 /* TheMovieApp.app */,
			);
			name = Products;
			sourceTree = "<group>";
		};
		63495C102C47E00300646941 /* TheMovieApp */ = {
			isa = PBXGroup;
			children = (
				63495C6C2C491F2300646941 /* Helpers */,
				63495C332C47F40200646941 /* Modules */,
				63495C282C47E36700646941 /* Views */,
				63495C112C47E00300646941 /* AppDelegate.swift */,
				63495C132C47E00300646941 /* SceneDelegate.swift */,
				63495C1A2C47E00400646941 /* Assets.xcassets */,
				63495C1F2C47E00400646941 /* Info.plist */,
			);
			path = TheMovieApp;
			sourceTree = "<group>";
		};
		63495C282C47E36700646941 /* Views */ = {
			isa = PBXGroup;
			children = (
				63495C2A2C47E38500646941 /* Storyboards */,
			);
			path = Views;
			sourceTree = "<group>";
		};
		63495C2A2C47E38500646941 /* Storyboards */ = {
			isa = PBXGroup;
			children = (
				63495C172C47E00300646941 /* Main.storyboard */,
				63495C1C2C47E00400646941 /* LaunchScreen.storyboard */,
			);
			path = Storyboards;
			sourceTree = "<group>";
		};
		63495C2B2C47F31200646941 /* General */ = {
			isa = PBXGroup;
			children = (
				63495C382C47F49900646941 /* View */,
				63495C372C47F48C00646941 /* Modules */,
				63495C362C47F48200646941 /* ViewModels */,
			);
			path = General;
			sourceTree = "<group>";
		};
		63495C2C2C47F31B00646941 /* Search */ = {
			isa = PBXGroup;
			children = (
				63495C3B2C47F4E300646941 /* ViewModels */,
				63495C3A2C47F4DD00646941 /* Modules */,
				63495C392C47F4D400646941 /* View */,
			);
			path = Search;
			sourceTree = "<group>";
		};
		63495C2D2C47F32100646941 /* Favorite */ = {
			isa = PBXGroup;
			children = (
				63495C302C47F35B00646941 /* ViewModels */,
				63495C2F2C47F34C00646941 /* Modules */,
				63495C2E2C47F34800646941 /* View */,
			);
			path = Favorite;
			sourceTree = "<group>";
		};
		63495C2E2C47F34800646941 /* View */ = {
			isa = PBXGroup;
			children = (
				63495C312C47F39D00646941 /* FavoriteViewController.swift */,
			);
			path = View;
			sourceTree = "<group>";
		};
		63495C2F2C47F34C00646941 /* Modules */ = {
			isa = PBXGroup;
			children = (
			);
			path = Modules;
			sourceTree = "<group>";
		};
		63495C302C47F35B00646941 /* ViewModels */ = {
			isa = PBXGroup;
			children = (
				63495C4E2C47F68200646941 /* FavoriteViewControllerViewModel.swift */,
			);
			path = ViewModels;
			sourceTree = "<group>";
		};
		63495C332C47F40200646941 /* Modules */ = {
			isa = PBXGroup;
			children = (
				63495C352C47F46E00646941 /* Movie */,
				63495C342C47F46900646941 /* Login */,
				63495C2D2C47F32100646941 /* Favorite */,
				63495C2C2C47F31B00646941 /* Search */,
				63495C2B2C47F31200646941 /* General */,
			);
			path = Modules;
			sourceTree = "<group>";
		};
		63495C342C47F46900646941 /* Login */ = {
			isa = PBXGroup;
			children = (
				63495C402C47F51600646941 /* ViewModels */,
				63495C3F2C47F50E00646941 /* Modules */,
				63495C3E2C47F50B00646941 /* View */,
			);
			path = Login;
			sourceTree = "<group>";
		};
		63495C352C47F46E00646941 /* Movie */ = {
			isa = PBXGroup;
			children = (
				63495C462C47F56300646941 /* ViewModels */,
				63495C442C47F55500646941 /* Modules */,
				63495C432C47F55100646941 /* View */,
			);
			path = Movie;
			sourceTree = "<group>";
		};
		63495C362C47F48200646941 /* ViewModels */ = {
			isa = PBXGroup;
			children = (
				63495C522C47F6BA00646941 /* GeneralViewControllerViewModel.swift */,
			);
			path = ViewModels;
			sourceTree = "<group>";
		};
		63495C372C47F48C00646941 /* Modules */ = {
			isa = PBXGroup;
			children = (
			);
			path = Modules;
			sourceTree = "<group>";
		};
		63495C382C47F49900646941 /* View */ = {
			isa = PBXGroup;
			children = (
				63495C152C47E00300646941 /* GeneralViewController.swift */,
			);
			path = View;
			sourceTree = "<group>";
		};
		63495C392C47F4D400646941 /* View */ = {
			isa = PBXGroup;
			children = (
				63495C3C2C47F4FF00646941 /* SearchViewController.swift */,
			);
			path = View;
			sourceTree = "<group>";
		};
		63495C3A2C47F4DD00646941 /* Modules */ = {
			isa = PBXGroup;
			children = (
			);
			path = Modules;
			sourceTree = "<group>";
		};
		63495C3B2C47F4E300646941 /* ViewModels */ = {
			isa = PBXGroup;
			children = (
				63495C502C47F69B00646941 /* SearchViewControllerViewModel.swift */,
			);
			path = ViewModels;
			sourceTree = "<group>";
		};
		63495C3E2C47F50B00646941 /* View */ = {
			isa = PBXGroup;
			children = (
				63495C412C47F54000646941 /* LoginViewController.swift */,
			);
			path = View;
			sourceTree = "<group>";
		};
		63495C3F2C47F50E00646941 /* Modules */ = {
			isa = PBXGroup;
			children = (
				63495C692C491B3D00646941 /* SessionId */,
				63495C662C491ACE00646941 /* RequestToken */,
				63495C652C491AC200646941 /* UserData */,
			);
			path = Modules;
			sourceTree = "<group>";
		};
		63495C402C47F51600646941 /* ViewModels */ = {
			isa = PBXGroup;
			children = (
				63495C4B2C47F64E00646941 /* LoginViewControllerViewModel.swift */,
			);
			path = ViewModels;
			sourceTree = "<group>";
		};
		63495C432C47F55100646941 /* View */ = {
			isa = PBXGroup;
			children = (
				63495C472C47F57400646941 /* MovieViewController.swift */,
			);
			path = View;
			sourceTree = "<group>";
		};
		63495C442C47F55500646941 /* Modules */ = {
			isa = PBXGroup;
			children = (
			);
			path = Modules;
			sourceTree = "<group>";
		};
		63495C462C47F56300646941 /* ViewModels */ = {
			isa = PBXGroup;
			children = (
				63495C492C47F62900646941 /* MovieViewControllerViewModel.swift */,
			);
			path = ViewModels;
			sourceTree = "<group>";
		};
		63495C542C49171100646941 /* RequestHelper */ = {
			isa = PBXGroup;
			children = (
				63495C552C49172600646941 /* RequestHelper.swift */,
				63495C572C4917C800646941 /* EndpointParams.swift */,
			);
			path = RequestHelper;
			sourceTree = "<group>";
		};
		63495C652C491AC200646941 /* UserData */ = {
			isa = PBXGroup;
			children = (
				63495C632C4919B900646941 /* User.swift */,
				63495C5B2C4919A300646941 /* UserDataStruct.swift */,
				63495C592C49196F00646941 /* ResultUserDataStruct.swift */,
			);
			path = UserData;
			sourceTree = "<group>";
		};
		63495C662C491ACE00646941 /* RequestToken */ = {
			isa = PBXGroup;
			children = (
				63495C672C491B3200646941 /* RequestTokenStruct.swift */,
			);
			path = RequestToken;
			sourceTree = "<group>";
		};
		63495C692C491B3D00646941 /* SessionId */ = {
			isa = PBXGroup;
			children = (
				63495C6A2C491B5000646941 /* SessionIdStruct.swift */,
			);
			path = SessionId;
			sourceTree = "<group>";
		};
		63495C6C2C491F2300646941 /* Helpers */ = {
			isa = PBXGroup;
			children = (
				63495C6D2C491F2C00646941 /* NetworkHelper */,
				63495C542C49171100646941 /* RequestHelper */,
			);
			path = Helpers;
			sourceTree = "<group>";
		};
		63495C6D2C491F2C00646941 /* NetworkHelper */ = {
			isa = PBXGroup;
			children = (
				63495C6E2C491F3B00646941 /* NetworkHelper.swift */,
			);
			path = NetworkHelper;
			sourceTree = "<group>";
		};
		684583A82344BFEB2AFD0D0A /* Pods */ = {
			isa = PBXGroup;
			children = (
				D5AF377A000B3C1674ED8DFF /* Pods-TheMovieApp.debug.xcconfig */,
				9FD271770BC23CCC79FF55C0 /* Pods-TheMovieApp.release.xcconfig */,
			);
			path = Pods;
			sourceTree = "<group>";
		};
/* End PBXGroup section */

/* Begin PBXNativeTarget section */
		63495C0D2C47E00300646941 /* TheMovieApp */ = {
			isa = PBXNativeTarget;
			buildConfigurationList = 63495C222C47E00400646941 /* Build configuration list for PBXNativeTarget "TheMovieApp" */;
			buildPhases = (
				832A2C6F2D5C7BDB79584360 /* [CP] Check Pods Manifest.lock */,
				63495C0A2C47E00300646941 /* Sources */,
				63495C0B2C47E00300646941 /* Frameworks */,
				63495C0C2C47E00300646941 /* Resources */,
				46A9B54744D1C0E9BF5C1710 /* [CP] Embed Pods Frameworks */,
			);
			buildRules = (
			);
			dependencies = (
			);
			name = TheMovieApp;
			productName = TheMovieApp;
			productReference = 63495C0E2C47E00300646941 /* TheMovieApp.app */;
			productType = "com.apple.product-type.application";
		};
/* End PBXNativeTarget section */

/* Begin PBXProject section */
		63495C062C47E00300646941 /* Project object */ = {
			isa = PBXProject;
			attributes = {
				BuildIndependentTargetsInParallel = 1;
				LastSwiftUpdateCheck = 1530;
				LastUpgradeCheck = 1530;
				TargetAttributes = {
					63495C0D2C47E00300646941 = {
						CreatedOnToolsVersion = 15.3;
					};
				};
			};
			buildConfigurationList = 63495C092C47E00300646941 /* Build configuration list for PBXProject "TheMovieApp" */;
			compatibilityVersion = "Xcode 14.0";
			developmentRegion = en;
			hasScannedForEncodings = 0;
			knownRegions = (
				en,
				Base,
			);
			mainGroup = 63495C052C47E00300646941;
			productRefGroup = 63495C0F2C47E00300646941 /* Products */;
			projectDirPath = "";
			projectRoot = "";
			targets = (
				63495C0D2C47E00300646941 /* TheMovieApp */,
			);
		};
/* End PBXProject section */

/* Begin PBXResourcesBuildPhase section */
		63495C0C2C47E00300646941 /* Resources */ = {
			isa = PBXResourcesBuildPhase;
			buildActionMask = 2147483647;
			files = (
				63495C1B2C47E00400646941 /* Assets.xcassets in Resources */,
				63495C1E2C47E00400646941 /* Base in Resources */,
				63495C262C47E12300646941 /* Podfile in Resources */,
				63495C192C47E00300646941 /* Base in Resources */,
			);
			runOnlyForDeploymentPostprocessing = 0;
		};
/* End PBXResourcesBuildPhase section */

/* Begin PBXShellScriptBuildPhase section */
		46A9B54744D1C0E9BF5C1710 /* [CP] Embed Pods Frameworks */ = {
			isa = PBXShellScriptBuildPhase;
			buildActionMask = 2147483647;
			files = (
			);
			inputFileListPaths = (
				"${PODS_ROOT}/Target Support Files/Pods-TheMovieApp/Pods-TheMovieApp-frameworks-${CONFIGURATION}-input-files.xcfilelist",
			);
			name = "[CP] Embed Pods Frameworks";
			outputFileListPaths = (
				"${PODS_ROOT}/Target Support Files/Pods-TheMovieApp/Pods-TheMovieApp-frameworks-${CONFIGURATION}-output-files.xcfilelist",
			);
			runOnlyForDeploymentPostprocessing = 0;
			shellPath = /bin/sh;
			shellScript = "\"${PODS_ROOT}/Target Support Files/Pods-TheMovieApp/Pods-TheMovieApp-frameworks.sh\"\n";
			showEnvVarsInLog = 0;
		};
		832A2C6F2D5C7BDB79584360 /* [CP] Check Pods Manifest.lock */ = {
			isa = PBXShellScriptBuildPhase;
			buildActionMask = 2147483647;
			files = (
			);
			inputFileListPaths = (
			);
			inputPaths = (
				"${PODS_PODFILE_DIR_PATH}/Podfile.lock",
				"${PODS_ROOT}/Manifest.lock",
			);
			name = "[CP] Check Pods Manifest.lock";
			outputFileListPaths = (
			);
			outputPaths = (
				"$(DERIVED_FILE_DIR)/Pods-TheMovieApp-checkManifestLockResult.txt",
			);
			runOnlyForDeploymentPostprocessing = 0;
			shellPath = /bin/sh;
			shellScript = "diff \"${PODS_PODFILE_DIR_PATH}/Podfile.lock\" \"${PODS_ROOT}/Manifest.lock\" > /dev/null\nif [ $? != 0 ] ; then\n    # print error to STDERR\n    echo \"error: The sandbox is not in sync with the Podfile.lock. Run 'pod install' or update your CocoaPods installation.\" >&2\n    exit 1\nfi\n# This output is used by Xcode 'outputs' to avoid re-running this script phase.\necho \"SUCCESS\" > \"${SCRIPT_OUTPUT_FILE_0}\"\n";
			showEnvVarsInLog = 0;
		};
/* End PBXShellScriptBuildPhase section */

/* Begin PBXSourcesBuildPhase section */
		63495C0A2C47E00300646941 /* Sources */ = {
			isa = PBXSourcesBuildPhase;
			buildActionMask = 2147483647;
			files = (
				63495C4C2C47F64E00646941 /* LoginViewControllerViewModel.swift in Sources */,
				63495C6B2C491B5000646941 /* SessionIdStruct.swift in Sources */,
				63495C562C49172600646941 /* RequestHelper.swift in Sources */,
				63495C512C47F69B00646941 /* SearchViewControllerViewModel.swift in Sources */,
				63495C4F2C47F68200646941 /* FavoriteViewControllerViewModel.swift in Sources */,
				63495C4A2C47F62900646941 /* MovieViewControllerViewModel.swift in Sources */,
				63495C532C47F6BA00646941 /* GeneralViewControllerViewModel.swift in Sources */,
				63495C582C4917C800646941 /* EndpointParams.swift in Sources */,
				63495C642C4919B900646941 /* User.swift in Sources */,
				63495C422C47F54000646941 /* LoginViewController.swift in Sources */,
				63495C482C47F57400646941 /* MovieViewController.swift in Sources */,
				63495C3D2C47F4FF00646941 /* SearchViewController.swift in Sources */,
				63495C6F2C491F3B00646941 /* NetworkHelper.swift in Sources */,
				63495C162C47E00300646941 /* GeneralViewController.swift in Sources */,
				63495C682C491B3200646941 /* RequestTokenStruct.swift in Sources */,
				63495C122C47E00300646941 /* AppDelegate.swift in Sources */,
				63495C322C47F39D00646941 /* FavoriteViewController.swift in Sources */,
				63495C5C2C4919A300646941 /* UserDataStruct.swift in Sources */,
				63495C5A2C49196F00646941 /* ResultUserDataStruct.swift in Sources */,
				63495C142C47E00300646941 /* SceneDelegate.swift in Sources */,
			);
			runOnlyForDeploymentPostprocessing = 0;
		};
/* End PBXSourcesBuildPhase section */

/* Begin PBXVariantGroup section */
		63495C172C47E00300646941 /* Main.storyboard */ = {
			isa = PBXVariantGroup;
			children = (
				63495C182C47E00300646941 /* Base */,
			);
			name = Main.storyboard;
			sourceTree = "<group>";
		};
		63495C1C2C47E00400646941 /* LaunchScreen.storyboard */ = {
			isa = PBXVariantGroup;
			children = (
				63495C1D2C47E00400646941 /* Base */,
			);
			name = LaunchScreen.storyboard;
			sourceTree = "<group>";
		};
/* End PBXVariantGroup section */

/* Begin XCBuildConfiguration section */
		63495C202C47E00400646941 /* Debug */ = {
			isa = XCBuildConfiguration;
			buildSettings = {
				ALWAYS_SEARCH_USER_PATHS = NO;
				ASSETCATALOG_COMPILER_GENERATE_SWIFT_ASSET_SYMBOL_EXTENSIONS = YES;
				CLANG_ANALYZER_NONNULL = YES;
				CLANG_ANALYZER_NUMBER_OBJECT_CONVERSION = YES_AGGRESSIVE;
				CLANG_CXX_LANGUAGE_STANDARD = "gnu++20";
				CLANG_ENABLE_MODULES = YES;
				CLANG_ENABLE_OBJC_ARC = YES;
				CLANG_ENABLE_OBJC_WEAK = YES;
				CLANG_WARN_BLOCK_CAPTURE_AUTORELEASING = YES;
				CLANG_WARN_BOOL_CONVERSION = YES;
				CLANG_WARN_COMMA = YES;
				CLANG_WARN_CONSTANT_CONVERSION = YES;
				CLANG_WARN_DEPRECATED_OBJC_IMPLEMENTATIONS = YES;
				CLANG_WARN_DIRECT_OBJC_ISA_USAGE = YES_ERROR;
				CLANG_WARN_DOCUMENTATION_COMMENTS = YES;
				CLANG_WARN_EMPTY_BODY = YES;
				CLANG_WARN_ENUM_CONVERSION = YES;
				CLANG_WARN_INFINITE_RECURSION = YES;
				CLANG_WARN_INT_CONVERSION = YES;
				CLANG_WARN_NON_LITERAL_NULL_CONVERSION = YES;
				CLANG_WARN_OBJC_IMPLICIT_RETAIN_SELF = YES;
				CLANG_WARN_OBJC_LITERAL_CONVERSION = YES;
				CLANG_WARN_OBJC_ROOT_CLASS = YES_ERROR;
				CLANG_WARN_QUOTED_INCLUDE_IN_FRAMEWORK_HEADER = YES;
				CLANG_WARN_RANGE_LOOP_ANALYSIS = YES;
				CLANG_WARN_STRICT_PROTOTYPES = YES;
				CLANG_WARN_SUSPICIOUS_MOVE = YES;
				CLANG_WARN_UNGUARDED_AVAILABILITY = YES_AGGRESSIVE;
				CLANG_WARN_UNREACHABLE_CODE = YES;
				CLANG_WARN__DUPLICATE_METHOD_MATCH = YES;
				COPY_PHASE_STRIP = NO;
				DEBUG_INFORMATION_FORMAT = dwarf;
				ENABLE_STRICT_OBJC_MSGSEND = YES;
				ENABLE_TESTABILITY = YES;
				ENABLE_USER_SCRIPT_SANDBOXING = YES;
				GCC_C_LANGUAGE_STANDARD = gnu17;
				GCC_DYNAMIC_NO_PIC = NO;
				GCC_NO_COMMON_BLOCKS = YES;
				GCC_OPTIMIZATION_LEVEL = 0;
				GCC_PREPROCESSOR_DEFINITIONS = (
					"DEBUG=1",
					"$(inherited)",
				);
				GCC_WARN_64_TO_32_BIT_CONVERSION = YES;
				GCC_WARN_ABOUT_RETURN_TYPE = YES_ERROR;
				GCC_WARN_UNDECLARED_SELECTOR = YES;
				GCC_WARN_UNINITIALIZED_AUTOS = YES_AGGRESSIVE;
				GCC_WARN_UNUSED_FUNCTION = YES;
				GCC_WARN_UNUSED_VARIABLE = YES;
				IPHONEOS_DEPLOYMENT_TARGET = 17.4;
				LOCALIZATION_PREFERS_STRING_CATALOGS = YES;
				MTL_ENABLE_DEBUG_INFO = INCLUDE_SOURCE;
				MTL_FAST_MATH = YES;
				ONLY_ACTIVE_ARCH = YES;
				SDKROOT = iphoneos;
				SWIFT_ACTIVE_COMPILATION_CONDITIONS = "DEBUG $(inherited)";
				SWIFT_OPTIMIZATION_LEVEL = "-Onone";
			};
			name = Debug;
		};
		63495C212C47E00400646941 /* Release */ = {
			isa = XCBuildConfiguration;
			buildSettings = {
				ALWAYS_SEARCH_USER_PATHS = NO;
				ASSETCATALOG_COMPILER_GENERATE_SWIFT_ASSET_SYMBOL_EXTENSIONS = YES;
				CLANG_ANALYZER_NONNULL = YES;
				CLANG_ANALYZER_NUMBER_OBJECT_CONVERSION = YES_AGGRESSIVE;
				CLANG_CXX_LANGUAGE_STANDARD = "gnu++20";
				CLANG_ENABLE_MODULES = YES;
				CLANG_ENABLE_OBJC_ARC = YES;
				CLANG_ENABLE_OBJC_WEAK = YES;
				CLANG_WARN_BLOCK_CAPTURE_AUTORELEASING = YES;
				CLANG_WARN_BOOL_CONVERSION = YES;
				CLANG_WARN_COMMA = YES;
				CLANG_WARN_CONSTANT_CONVERSION = YES;
				CLANG_WARN_DEPRECATED_OBJC_IMPLEMENTATIONS = YES;
				CLANG_WARN_DIRECT_OBJC_ISA_USAGE = YES_ERROR;
				CLANG_WARN_DOCUMENTATION_COMMENTS = YES;
				CLANG_WARN_EMPTY_BODY = YES;
				CLANG_WARN_ENUM_CONVERSION = YES;
				CLANG_WARN_INFINITE_RECURSION = YES;
				CLANG_WARN_INT_CONVERSION = YES;
				CLANG_WARN_NON_LITERAL_NULL_CONVERSION = YES;
				CLANG_WARN_OBJC_IMPLICIT_RETAIN_SELF = YES;
				CLANG_WARN_OBJC_LITERAL_CONVERSION = YES;
				CLANG_WARN_OBJC_ROOT_CLASS = YES_ERROR;
				CLANG_WARN_QUOTED_INCLUDE_IN_FRAMEWORK_HEADER = YES;
				CLANG_WARN_RANGE_LOOP_ANALYSIS = YES;
				CLANG_WARN_STRICT_PROTOTYPES = YES;
				CLANG_WARN_SUSPICIOUS_MOVE = YES;
				CLANG_WARN_UNGUARDED_AVAILABILITY = YES_AGGRESSIVE;
				CLANG_WARN_UNREACHABLE_CODE = YES;
				CLANG_WARN__DUPLICATE_METHOD_MATCH = YES;
				COPY_PHASE_STRIP = NO;
				DEBUG_INFORMATION_FORMAT = "dwarf-with-dsym";
				ENABLE_NS_ASSERTIONS = NO;
				ENABLE_STRICT_OBJC_MSGSEND = YES;
				ENABLE_USER_SCRIPT_SANDBOXING = YES;
				GCC_C_LANGUAGE_STANDARD = gnu17;
				GCC_NO_COMMON_BLOCKS = YES;
				GCC_WARN_64_TO_32_BIT_CONVERSION = YES;
				GCC_WARN_ABOUT_RETURN_TYPE = YES_ERROR;
				GCC_WARN_UNDECLARED_SELECTOR = YES;
				GCC_WARN_UNINITIALIZED_AUTOS = YES_AGGRESSIVE;
				GCC_WARN_UNUSED_FUNCTION = YES;
				GCC_WARN_UNUSED_VARIABLE = YES;
				IPHONEOS_DEPLOYMENT_TARGET = 17.4;
				LOCALIZATION_PREFERS_STRING_CATALOGS = YES;
				MTL_ENABLE_DEBUG_INFO = NO;
				MTL_FAST_MATH = YES;
				SDKROOT = iphoneos;
				SWIFT_COMPILATION_MODE = wholemodule;
				VALIDATE_PRODUCT = YES;
			};
			name = Release;
		};
		63495C232C47E00400646941 /* Debug */ = {
			isa = XCBuildConfiguration;
			baseConfigurationReference = D5AF377A000B3C1674ED8DFF /* Pods-TheMovieApp.debug.xcconfig */;
			buildSettings = {
				ASSETCATALOG_COMPILER_APPICON_NAME = AppIcon;
				ASSETCATALOG_COMPILER_GLOBAL_ACCENT_COLOR_NAME = AccentColor;
				CODE_SIGN_STYLE = Automatic;
				CURRENT_PROJECT_VERSION = 1;
				DEVELOPMENT_TEAM = 43JJRWSTM6;
				ENABLE_USER_SCRIPT_SANDBOXING = NO;
				GENERATE_INFOPLIST_FILE = YES;
				INFOPLIST_FILE = TheMovieApp/Info.plist;
				INFOPLIST_KEY_UIApplicationSupportsIndirectInputEvents = YES;
				INFOPLIST_KEY_UILaunchStoryboardName = LaunchScreen;
				INFOPLIST_KEY_UIMainStoryboardFile = Main;
				INFOPLIST_KEY_UISupportedInterfaceOrientations_iPad = "UIInterfaceOrientationPortrait UIInterfaceOrientationPortraitUpsideDown UIInterfaceOrientationLandscapeLeft UIInterfaceOrientationLandscapeRight";
				INFOPLIST_KEY_UISupportedInterfaceOrientations_iPhone = "UIInterfaceOrientationPortrait UIInterfaceOrientationLandscapeLeft UIInterfaceOrientationLandscapeRight";
				LD_RUNPATH_SEARCH_PATHS = (
					"$(inherited)",
					"@executable_path/Frameworks",
				);
				MARKETING_VERSION = 1.0;
				PRODUCT_BUNDLE_IDENTIFIER = IvanPashchenko.TheMovieApp;
				PRODUCT_NAME = "$(TARGET_NAME)";
				SWIFT_EMIT_LOC_STRINGS = YES;
				SWIFT_VERSION = 5.0;
				TARGETED_DEVICE_FAMILY = "1,2";
			};
			name = Debug;
		};
		63495C242C47E00400646941 /* Release */ = {
			isa = XCBuildConfiguration;
			baseConfigurationReference = 9FD271770BC23CCC79FF55C0 /* Pods-TheMovieApp.release.xcconfig */;
			buildSettings = {
				ASSETCATALOG_COMPILER_APPICON_NAME = AppIcon;
				ASSETCATALOG_COMPILER_GLOBAL_ACCENT_COLOR_NAME = AccentColor;
				CODE_SIGN_STYLE = Automatic;
				CURRENT_PROJECT_VERSION = 1;
				DEVELOPMENT_TEAM = 43JJRWSTM6;
				ENABLE_USER_SCRIPT_SANDBOXING = NO;
				GENERATE_INFOPLIST_FILE = YES;
				INFOPLIST_FILE = TheMovieApp/Info.plist;
				INFOPLIST_KEY_UIApplicationSupportsIndirectInputEvents = YES;
				INFOPLIST_KEY_UILaunchStoryboardName = LaunchScreen;
				INFOPLIST_KEY_UIMainStoryboardFile = Main;
				INFOPLIST_KEY_UISupportedInterfaceOrientations_iPad = "UIInterfaceOrientationPortrait UIInterfaceOrientationPortraitUpsideDown UIInterfaceOrientationLandscapeLeft UIInterfaceOrientationLandscapeRight";
				INFOPLIST_KEY_UISupportedInterfaceOrientations_iPhone = "UIInterfaceOrientationPortrait UIInterfaceOrientationLandscapeLeft UIInterfaceOrientationLandscapeRight";
				LD_RUNPATH_SEARCH_PATHS = (
					"$(inherited)",
					"@executable_path/Frameworks",
				);
				MARKETING_VERSION = 1.0;
				PRODUCT_BUNDLE_IDENTIFIER = IvanPashchenko.TheMovieApp;
				PRODUCT_NAME = "$(TARGET_NAME)";
				SWIFT_EMIT_LOC_STRINGS = YES;
				SWIFT_VERSION = 5.0;
				TARGETED_DEVICE_FAMILY = "1,2";
			};
			name = Release;
		};
/* End XCBuildConfiguration section */

/* Begin XCConfigurationList section */
		63495C092C47E00300646941 /* Build configuration list for PBXProject "TheMovieApp" */ = {
			isa = XCConfigurationList;
			buildConfigurations = (
				63495C202C47E00400646941 /* Debug */,
				63495C212C47E00400646941 /* Release */,
			);
			defaultConfigurationIsVisible = 0;
			defaultConfigurationName = Release;
		};
		63495C222C47E00400646941 /* Build configuration list for PBXNativeTarget "TheMovieApp" */ = {
			isa = XCConfigurationList;
			buildConfigurations = (
				63495C232C47E00400646941 /* Debug */,
				63495C242C47E00400646941 /* Release */,
			);
			defaultConfigurationIsVisible = 0;
			defaultConfigurationName = Release;
		};
/* End XCConfigurationList section */
	};
	rootObject = 63495C062C47E00300646941 /* Project object */;
}
